{
  "nodes": {
    "nixpkgs": {
      "locked": {
        "lastModified": 1780614800,
        "narHash": "sha256-xq6r60DU54c2C//D+ok+y5A7fp/zpFcNUeX5uGqKyMQ=",
        "owner": "Nixos",
        "repo": "nixpkgs",
        "rev": "cc598dfd09b0a543d574a238d4b3473bb1c6d587",
        "type": "github"
      },
      "original": {
        "owner": "Nixos",
        "ref": "nixpkgs-26.05-darwin",
        "repo": "nixpkgs",
        "type": "github"
      }
    },
    "root": {
      "inputs": {
        "nixpkgs": "nixpkgs"
      }
    }
  },
  "root": "root",
  "version": 7
}
